# THIS IS AN AUTOGENERATED FILE. DO NOT EDIT THIS FILE DIRECTLY.
# yarn lockfile v1


axios@^0.1.0:
  version "0.1.0"
  resolved "https://registry.yarnpkg.com/axios/-/axios-0.1.0.tgz#854e14f2999c2ef7fab058654fd995dd183688f2"
  integrity sha1-hU4U8pmcLvf6sFhlT9mV3Rg2iPI=
  dependencies:
    es6-promise "^1.0.0"

connect@1.x:
  version "1.9.2"
  resolved "https://registry.yarnpkg.com/connect/-/connect-1.9.2.tgz#42880a22e9438ae59a8add74e437f58ae8e52807"
  integrity sha1-QogKIulDiuWait105Df1iujlKAc=
  dependencies:
    formidable "1.0.x"
    mime ">= 0.0.1"
    qs ">= 0.4.0"

es6-promise@^1.0.0:
  version "1.0.0"
  resolved "https://registry.yarnpkg.com/es6-promise/-/es6-promise-1.0.0.tgz#f90d3629faa7c26166ae4df77c89bacdeb8dca7f"
  integrity sha1-+Q02KfqnwmFmrk33fIm6zeuNyn8=

express@^2.0.0:
  version "2.5.11"
  resolved "https://registry.yarnpkg.com/express/-/express-2.5.11.tgz#4ce8ea1f3635e69e49f0ebb497b6a4b0a51ce6f0"
  integrity sha1-TOjqHzY15p5J8Ou0l7aksKUc5vA=
  dependencies:
    connect "1.x"
    mime "1.2.4"
    mkdirp "0.3.0"
    qs "0.4.x"

formidable@1.0.x:
  version "1.0.17"
  resolved "https://registry.yarnpkg.com/formidable/-/formidable-1.0.17.tgz#ef5491490f9433b705faa77249c99029ae348559"
  integrity sha1-71SRSQ+UM7cF+qdyScmQKa40hVk=

mime@1.2.4:
  version "1.2.4"
  resolved "https://registry.yarnpkg.com/mime/-/mime-1.2.4.tgz#11b5fdaf29c2509255176b80ad520294f5de92b7"
  integrity sha1-EbX9rynCUJJVF2uArVIClPXekrc=

"mime@>= 0.0.1":
  version "2.4.5"
  resolved "https://registry.yarnpkg.com/mime/-/mime-2.4.5.tgz#d8de2ecb92982dedbb6541c9b6841d7f218ea009"
  integrity sha512-3hQhEUF027BuxZjQA3s7rIv/7VCQPa27hN9u9g87sEkWaKwQPuXOkVKtOeiyUrnWqTDiOs8Ed2rwg733mB0R5w==

mkdirp@0.3.0:
  version "0.3.0"
  resolved "https://registry.yarnpkg.com/mkdirp/-/mkdirp-0.3.0.tgz#1bbf5ab1ba827af23575143490426455f481fe1e"
  integrity sha1-G79asbqCevI1dRQ0kEJkVfSB/h4=

qs@0.4.x:
  version "0.4.2"
  resolved "https://registry.yarnpkg.com/qs/-/qs-0.4.2.tgz#3cac4c861e371a8c9c4770ac23cda8de639b8e5f"
  integrity sha1-PKxMhh43GoycR3CsI82o3mObjl8=

"qs@>= 0.4.0":
  version "6.9.4"
  resolved "https://registry.yarnpkg.com/qs/-/qs-6.9.4.tgz#9090b290d1f91728d3c22e54843ca44aea5ab687"
  integrity sha512-A1kFqHekCTM7cz0udomYUoYNWjBebHm/5wzU/XqrBRBNWectVH0QIiN+NEcZ0Dte5hvzHwbr8+XQmguPhJ6WdQ==
